
Microsoft Visual Studio Solution File, Format Version 12.00
# Visual Studio Version 16
VisualStudioVersion = 16.0.31729.503
MinimumVisualStudioVersion = 10.0.40219.1
Project("{FAE04EC0-301F-11D3-BF4B-00C04F79EFBC}") = "envoBack", "envoBack\envoBack.csproj", "{3AB9A97E-B2EC-4939-8046-C00D75D1D904}"
EndProject
Global
	GlobalSection(SolutionConfigurationPlatforms) = preSolution
		Debug|Any CPU = Debug|Any CPU
		Release|Any CPU = Release|Any CPU
	EndGlobalSection
	GlobalSection(ProjectConfigurationPlatforms) = postSolution
		{3AB9A97E-B2EC-4939-8046-C00D75D1D904}.Debug|Any CPU.ActiveCfg = Debug|Any CPU
		{3AB9A97E-B2EC-4939-8046-C00D75D1D904}.Debug|Any CPU.Build.0 = Debug|Any CPU
		{3AB9A97E-B2EC-4939-8046-C00D75D1D904}.Release|Any CPU.ActiveCfg = Release|Any CPU
		{3AB9A97E-B2EC-4939-8046-C00D75D1D904}.Release|Any CPU.Build.0 = Release|Any CPU
	EndGlobalSection
	GlobalSection(SolutionProperties) = preSolution
		HideSolutionNode = FALSE
	EndGlobalSection
	GlobalSection(ExtensibilityGlobals) = postSolution
		SolutionGuid = {742E57B2-7104-48DA-B0C9-3810468A4621}
	EndGlobalSection
EndGlobal
